
Microsoft Visual Studio Solution File, Format Version 12.00
# Visual Studio Version 17
VisualStudioVersion = 17.0.31903.59
MinimumVisualStudioVersion = 10.0.40219.1
Project("{FAE04EC0-301F-11D3-BF4B-00C04F79EFBC}") = "MioCore", "MioCore\MioCore.csproj", "{E0CFC290-84ED-45AE-B283-F84F32AE8AD7}"
EndProject
Project("{FAE04EC0-301F-11D3-BF4B-00C04F79EFBC}") = "MioCore.Tests", "MioCore.Tests\MioCore.Tests.csproj", "{ECD91324-F026-413F-8C41-21962DF7BEB6}"
EndProject
Project("{FAE04EC0-301F-11D3-BF4B-00C04F79EFBC}") = "MioUnity.Verify", "MioUnity.Verify\MioUnity.Verify.csproj", "{A12ED0B9-5A9C-4402-81D0-A9DFB3282FDD}"
EndProject
Global
	GlobalSection(SolutionConfigurationPlatforms) = preSolution
		Debug|Any CPU = Debug|Any CPU
		Release|Any CPU = Release|Any CPU
	EndGlobalSection
	GlobalSection(SolutionProperties) = preSolution
		HideSolutionNode = FALSE
	EndGlobalSection
	GlobalSection(ProjectConfigurationPlatforms) = postSolution
		{E0CFC290-84ED-45AE-B283-F84F32AE8AD7}.Debug|Any CPU.ActiveCfg = Debug|Any CPU
		{E0CFC290-84ED-45AE-B283-F84F32AE8AD7}.Debug|Any CPU.Build.0 = Debug|Any CPU
		{E0CFC290-84ED-45AE-B283-F84F32AE8AD7}.Release|Any CPU.ActiveCfg = Release|Any CPU
		{E0CFC290-84ED-45AE-B283-F84F32AE8AD7}.Release|Any CPU.Build.0 = Release|Any CPU
		{ECD91324-F026-413F-8C41-21962DF7BEB6}.Debug|Any CPU.ActiveCfg = Debug|Any CPU
		{ECD91324-F026-413F-8C41-21962DF7BEB6}.Debug|Any CPU.Build.0 = Debug|Any CPU
		{ECD91324-F026-413F-8C41-21962DF7BEB6}.Release|Any CPU.ActiveCfg = Release|Any CPU
		{ECD91324-F026-413F-8C41-21962DF7BEB6}.Release|Any CPU.Build.0 = Release|Any CPU
		{A12ED0B9-5A9C-4402-81D0-A9DFB3282FDD}.Debug|Any CPU.ActiveCfg = Debug|Any CPU
		{A12ED0B9-5A9C-4402-81D0-A9DFB3282FDD}.Debug|Any CPU.Build.0 = Debug|Any CPU
		{A12ED0B9-5A9C-4402-81D0-A9DFB3282FDD}.Release|Any CPU.ActiveCfg = Release|Any CPU
		{A12ED0B9-5A9C-4402-81D0-A9DFB3282FDD}.Release|Any CPU.Build.0 = Release|Any CPU
	EndGlobalSection
EndGlobal
